// !$*UTF8*$!
{
	archiveVersion = 1;
	classes = {
	};
	objectVersion = 77;
	objects = {

/* Begin PBXBuildFile section */
		2E66F0AE2F5D833100BEEF5F /* WidgetKit.framework in Frameworks */ = {isa = PBXBuildFile; fileRef = 2E66F0AD2F5D833100BEEF5F /* WidgetKit.framework */; };
		2E66F0B02F5D833100BEEF5F /* SwiftUI.framework in Frameworks */ = {isa = PBXBuildFile; fileRef = 2E66F0AF2F5D833100BEEF5F /* SwiftUI.framework */; };
		2E66F0BF2F5D833200BEEF5F /* EquinetWidgetExtension.appex in Embed Foundation Extensions */ = {isa = PBXBuildFile; fileRef = 2E66F0AB2F5D833100BEEF5F /* EquinetWidgetExtension.appex */; settings = {ATTRIBUTES = (RemoveHeadersOnCopy, ); }; };
		2EEA7A672F5E09D000462C9D /* LocalAuthentication.framework in Frameworks */ = {isa = PBXBuildFile; fileRef = 2EEA7A662F5E09D000462C9D /* LocalAuthentication.framework */; };
/* End PBXBuildFile section */

/* Begin PBXContainerItemProxy section */
		2E66F0BD2F5D833200BEEF5F /* PBXContainerItemProxy */ = {
			isa = PBXContainerItemProxy;
			containerPortal = 2E66F0562F5CA7B300BEEF5F /* Project object */;
			proxyType = 1;
			remoteGlobalIDString = 2E66F0AA2F5D833100BEEF5F;
			remoteInfo = EquinetWidgetExtension;
		};
		2EEA7B432F5EC1AC00462C9D /* PBXContainerItemProxy */ = {
			isa = PBXContainerItemProxy;
			containerPortal = 2E66F0562F5CA7B300BEEF5F /* Project object */;
			proxyType = 1;
			remoteGlobalIDString = 2E66F05D2F5CA7B300BEEF5F;
			remoteInfo = Equinet;
		};
/* End PBXContainerItemProxy section */

/* Begin PBXCopyFilesBuildPhase section */
		2E66F0C42F5D833200BEEF5F /* Embed Foundation Extensions */ = {
			isa = PBXCopyFilesBuildPhase;
			buildActionMask = 2147483647;
			dstPath = "";
			dstSubfolderSpec = 13;
			files = (
				2E66F0BF2F5D833200BEEF5F /* EquinetWidgetExtension.appex in Embed Foundation Extensions */,
			);
			name = "Embed Foundation Extensions";
			runOnlyForDeploymentPostprocessing = 0;
		};
/* End PBXCopyFilesBuildPhase section */

/* Begin PBXFileReference section */
		2E66F05E2F5CA7B300BEEF5F /* Equinet.app */ = {isa = PBXFileReference; explicitFileType = wrapper.application; includeInIndex = 0; path = Equinet.app; sourceTree = BUILT_PRODUCTS_DIR; };
		2E66F0AB2F5D833100BEEF5F /* EquinetWidgetExtension.appex */ = {isa = PBXFileReference; explicitFileType = "wrapper.app-extension"; includeInIndex = 0; path = EquinetWidgetExtension.appex; sourceTree = BUILT_PRODUCTS_DIR; };
		2E66F0AD2F5D833100BEEF5F /* WidgetKit.framework */ = {isa = PBXFileReference; lastKnownFileType = wrapper.framework; name = WidgetKit.framework; path = System/Library/Frameworks/WidgetKit.framework; sourceTree = SDKROOT; };
		2E66F0AF2F5D833100BEEF5F /* SwiftUI.framework */ = {isa = PBXFileReference; lastKnownFileType = wrapper.framework; name = SwiftUI.framework; path = System/Library/Frameworks/SwiftUI.framework; sourceTree = SDKROOT; };
		2E66F0CE2F5D84B300BEEF5F /* EquinetWidgetExtension.entitlements */ = {isa = PBXFileReference; lastKnownFileType = text.plist.entitlements; path = EquinetWidgetExtension.entitlements; sourceTree = "<group>"; };
		2EEA7A662F5E09D000462C9D /* LocalAuthentication.framework */ = {isa = PBXFileReference; lastKnownFileType = wrapper.framework; name = LocalAuthentication.framework; path = Platforms/iPhoneOS.platform/Developer/SDKs/iPhoneOS26.2.sdk/System/Library/Frameworks/LocalAuthentication.framework; sourceTree = DEVELOPER_DIR; };
		2EEA7B3F2F5EC1AC00462C9D /* EquinetTests.xctest */ = {isa = PBXFileReference; explicitFileType = wrapper.cfbundle; includeInIndex = 0; path = EquinetTests.xctest; sourceTree = BUILT_PRODUCTS_DIR; };
		2EEA7BD02F5EC32900462C9D /* EquinetTests */ = {isa = PBXFileReference; lastKnownFileType = folder; path = EquinetTests; sourceTree = "<group>"; };
		2EFC6FE72F5EE28C007BF6DA /* EquinetTests */ = {isa = PBXFileReference; lastKnownFileType = folder; path = EquinetTests; sourceTree = "<group>"; };
/* End PBXFileReference section */

/* Begin PBXFileSystemSynchronizedBuildFileExceptionSet section */
		2E66F0C02F5D833200BEEF5F /* Exceptions for "EquinetWidget" folder in "EquinetWidgetExtension" target */ = {
			isa = PBXFileSystemSynchronizedBuildFileExceptionSet;
			membershipExceptions = (
				Info.plist,
			);
			target = 2E66F0AA2F5D833100BEEF5F /* EquinetWidgetExtension */;
		};
		2E66F0D02F5D851700BEEF5F /* Exceptions for "Equinet" folder in "EquinetWidgetExtension" target */ = {
			isa = PBXFileSystemSynchronizedBuildFileExceptionSet;
			membershipExceptions = (
				BookingsModels.swift,
				CalendarModels.swift,
				DashboardModels.swift,
				KeychainHelper.swift,
				SharedDataManager.swift,
				WidgetBooking.swift,
			);
			target = 2E66F0AA2F5D833100BEEF5F /* EquinetWidgetExtension */;
		};
/* End PBXFileSystemSynchronizedBuildFileExceptionSet section */

/* Begin PBXFileSystemSynchronizedRootGroup section */
		2E66F0602F5CA7B300BEEF5F /* Equinet */ = {
			isa = PBXFileSystemSynchronizedRootGroup;
			exceptions = (
				2E66F0D02F5D851700BEEF5F /* Exceptions for "Equinet" folder in "EquinetWidgetExtension" target */,
			);
			path = Equinet;
			sourceTree = "<group>";
		};
		2E66F0B12F5D833100BEEF5F /* EquinetWidget */ = {
			isa = PBXFileSystemSynchronizedRootGroup;
			exceptions = (
				2E66F0C02F5D833200BEEF5F /* Exceptions for "EquinetWidget" folder in "EquinetWidgetExtension" target */,
			);
			path = EquinetWidget;
			sourceTree = "<group>";
		};
		2EEA7B402F5EC1AC00462C9D /* EquinetTests */ = {
			isa = PBXFileSystemSynchronizedRootGroup;
			path = EquinetTests;
			sourceTree = "<group>";
		};
/* End PBXFileSystemSynchronizedRootGroup section */

/* Begin PBXFrameworksBuildPhase section */
		2E66F05B2F5CA7B300BEEF5F /* Frameworks */ = {
			isa = PBXFrameworksBuildPhase;
			buildActionMask = 2147483647;
			files = (
				2EEA7A672F5E09D000462C9D /* LocalAuthentication.framework in Frameworks */,
			);
			runOnlyForDeploymentPostprocessing = 0;
		};
		2E66F0A82F5D833100BEEF5F /* Frameworks */ = {
			isa = PBXFrameworksBuildPhase;
			buildActionMask = 2147483647;
			files = (
				2E66F0B02F5D833100BEEF5F /* SwiftUI.framework in Frameworks */,
				2E66F0AE2F5D833100BEEF5F /* WidgetKit.framework in Frameworks */,
			);
			runOnlyForDeploymentPostprocessing = 0;
		};
		2EEA7B3C2F5EC1AC00462C9D /* Frameworks */ = {
			isa = PBXFrameworksBuildPhase;
			buildActionMask = 2147483647;
			files = (
			);
			runOnlyForDeploymentPostprocessing = 0;
		};
/* End PBXFrameworksBuildPhase section */

/* Begin PBXGroup section */
		2E66F0552F5CA7B300BEEF5F = {
			isa = PBXGroup;
			children = (
				2EFC6FE72F5EE28C007BF6DA /* EquinetTests */,
				2EEA7BD02F5EC32900462C9D /* EquinetTests */,
				2E66F0CE2F5D84B300BEEF5F /* EquinetWidgetExtension.entitlements */,
				2E66F0602F5CA7B300BEEF5F /* Equinet */,
				2E66F0B12F5D833100BEEF5F /* EquinetWidget */,
				2EEA7B402F5EC1AC00462C9D /* EquinetTests */,
				2E66F0AC2F5D833100BEEF5F /* Frameworks */,
				2E66F05F2F5CA7B300BEEF5F /* Products */,
			);
			sourceTree = "<group>";
		};
		2E66F05F2F5CA7B300BEEF5F /* Products */ = {
			isa = PBXGroup;
			children = (
				2E66F05E2F5CA7B300BEEF5F /* Equinet.app */,
				2E66F0AB2F5D833100BEEF5F /* EquinetWidgetExtension.appex */,
				2EEA7B3F2F5EC1AC00462C9D /* EquinetTests.xctest */,
			);
			name = Products;
			sourceTree = "<group>";
		};
		2E66F0AC2F5D833100BEEF5F /* Frameworks */ = {
			isa = PBXGroup;
			children = (
				2EEA7A662F5E09D000462C9D /* LocalAuthentication.framework */,
				2E66F0AD2F5D833100BEEF5F /* WidgetKit.framework */,
				2E66F0AF2F5D833100BEEF5F /* SwiftUI.framework */,
			);
			name = Frameworks;
			sourceTree = "<group>";
		};
/* End PBXGroup section */

/* Begin PBXNativeTarget section */
		2E66F05D2F5CA7B300BEEF5F /* Equinet */ = {
			isa = PBXNativeTarget;
			buildConfigurationList = 2E66F0692F5CA7B300BEEF5F /* Build configuration list for PBXNativeTarget "Equinet" */;
			buildPhases = (
				2E66F05A2F5CA7B300BEEF5F /* Sources */,
				2E66F05B2F5CA7B300BEEF5F /* Frameworks */,
				2E66F05C2F5CA7B300BEEF5F /* Resources */,
				2E66F0C42F5D833200BEEF5F /* Embed Foundation Extensions */,
			);
			buildRules = (
			);
			dependencies = (
				2E66F0BE2F5D833200BEEF5F /* PBXTargetDependency */,
			);
			fileSystemSynchronizedGroups = (
				2E66F0602F5CA7B300BEEF5F /* Equinet */,
			);
			name = Equinet;
			packageProductDependencies = (
			);
			productName = Equinet;
			productReference = 2E66F05E2F5CA7B300BEEF5F /* Equinet.app */;
			productType = "com.apple.product-type.application";
		};
		2E66F0AA2F5D833100BEEF5F /* EquinetWidgetExtension */ = {
			isa = PBXNativeTarget;
			buildConfigurationList = 2E66F0C12F5D833200BEEF5F /* Build configuration list for PBXNativeTarget "EquinetWidgetExtension" */;
			buildPhases = (
				2E66F0A72F5D833100BEEF5F /* Sources */,
				2E66F0A82F5D833100BEEF5F /* Frameworks */,
				2E66F0A92F5D833100BEEF5F /* Resources */,
			);
			buildRules = (
			);
			dependencies = (
			);
			fileSystemSynchronizedGroups = (
				2E66F0B12F5D833100BEEF5F /* EquinetWidget */,
			);
			name = EquinetWidgetExtension;
			packageProductDependencies = (
			);
			productName = EquinetWidgetExtension;
			productReference = 2E66F0AB2F5D833100BEEF5F /* EquinetWidgetExtension.appex */;
			productType = "com.apple.product-type.app-extension";
		};
		2EEA7B3E2F5EC1AC00462C9D /* EquinetTests */ = {
			isa = PBXNativeTarget;
			buildConfigurationList = 2EEA7B472F5EC1AC00462C9D /* Build configuration list for PBXNativeTarget "EquinetTests" */;
			buildPhases = (
				2EEA7B3B2F5EC1AC00462C9D /* Sources */,
				2EEA7B3C2F5EC1AC00462C9D /* Frameworks */,
				2EEA7B3D2F5EC1AC00462C9D /* Resources */,
			);
			buildRules = (
			);
			dependencies = (
				2EEA7B442F5EC1AC00462C9D /* PBXTargetDependency */,
			);
			fileSystemSynchronizedGroups = (
				2EEA7B402F5EC1AC00462C9D /* EquinetTests */,
			);
			name = EquinetTests;
			packageProductDependencies = (
			);
			productName = EquinetTests;
			productReference = 2EEA7B3F2F5EC1AC00462C9D /* EquinetTests.xctest */;
			productType = "com.apple.product-type.bundle.unit-test";
		};
/* End PBXNativeTarget section */

/* Begin PBXProject section */
		2E66F0562F5CA7B300BEEF5F /* Project object */ = {
			isa = PBXProject;
			attributes = {
				BuildIndependentTargetsInParallel = 1;
				LastSwiftUpdateCheck = 2630;
				LastUpgradeCheck = 2630;
				TargetAttributes = {
					2E66F05D2F5CA7B300BEEF5F = {
						CreatedOnToolsVersion = 26.3;
					};
					2E66F0AA2F5D833100BEEF5F = {
						CreatedOnToolsVersion = 26.3;
					};
					2EEA7B3E2F5EC1AC00462C9D = {
						CreatedOnToolsVersion = 26.3;
						TestTargetID = 2E66F05D2F5CA7B300BEEF5F;
					};
				};
			};
			buildConfigurationList = 2E66F0592F5CA7B300BEEF5F /* Build configuration list for PBXProject "Equinet" */;
			developmentRegion = en;
			hasScannedForEncodings = 0;
			knownRegions = (
				en,
				Base,
			);
			mainGroup = 2E66F0552F5CA7B300BEEF5F;
			minimizedProjectReferenceProxies = 1;
			preferredProjectObjectVersion = 77;
			productRefGroup = 2E66F05F2F5CA7B300BEEF5F /* Products */;
			projectDirPath = "";
			projectRoot = "";
			targets = (
				2E66F05D2F5CA7B300BEEF5F /* Equinet */,
				2E66F0AA2F5D833100BEEF5F /* EquinetWidgetExtension */,
				2EEA7B3E2F5EC1AC00462C9D /* EquinetTests */,
			);
		};
/* End PBXProject section */

/* Begin PBXResourcesBuildPhase section */
		2E66F05C2F5CA7B300BEEF5F /* Resources */ = {
			isa = PBXResourcesBuildPhase;
			buildActionMask = 2147483647;
			files = (
			);
			runOnlyForDeploymentPostprocessing = 0;
		};
		2E66F0A92F5D833100BEEF5F /* Resources */ = {
			isa = PBXResourcesBuildPhase;
			buildActionMask = 2147483647;
			files = (
			);
			runOnlyForDeploymentPostprocessing = 0;
		};
		2EEA7B3D2F5EC1AC00462C9D /* Resources */ = {
			isa = PBXResourcesBuildPhase;
			buildActionMask = 2147483647;
			files = (
			);
			runOnlyForDeploymentPostprocessing = 0;
		};
/* End PBXResourcesBuildPhase section */

/* Begin PBXSourcesBuildPhase section */
		2E66F05A2F5CA7B300BEEF5F /* Sources */ = {
			isa = PBXSourcesBuildPhase;
			buildActionMask = 2147483647;
			files = (
			);
			runOnlyForDeploymentPostprocessing = 0;
		};
		2E66F0A72F5D833100BEEF5F /* Sources */ = {
			isa = PBXSourcesBuildPhase;
			buildActionMask = 2147483647;
			files = (
			);
			runOnlyForDeploymentPostprocessing = 0;
		};
		2EEA7B3B2F5EC1AC00462C9D /* Sources */ = {
			isa = PBXSourcesBuildPhase;
			buildActionMask = 2147483647;
			files = (
			);
			runOnlyForDeploymentPostprocessing = 0;
		};
/* End PBXSourcesBuildPhase section */

/* Begin PBXTargetDependency section */
		2E66F0BE2F5D833200BEEF5F /* PBXTargetDependency */ = {
			isa = PBXTargetDependency;
			target = 2E66F0AA2F5D833100BEEF5F /* EquinetWidgetExtension */;
			targetProxy = 2E66F0BD2F5D833200BEEF5F /* PBXContainerItemProxy */;
		};
		2EEA7B442F5EC1AC00462C9D /* PBXTargetDependency */ = {
			isa = PBXTargetDependency;
			target = 2E66F05D2F5CA7B300BEEF5F /* Equinet */;
			targetProxy = 2EEA7B432F5EC1AC00462C9D /* PBXContainerItemProxy */;
		};
/* End PBXTargetDependency section */

/* Begin XCBuildConfiguration section */
		2E66F0672F5CA7B300BEEF5F /* Debug */ = {
			isa = XCBuildConfiguration;
			buildSettings = {
				ALWAYS_SEARCH_USER_PATHS = NO;
				ASSETCATALOG_COMPILER_GENERATE_SWIFT_ASSET_SYMBOL_EXTENSIONS = YES;
				CLANG_ANALYZER_NONNULL = YES;
				CLANG_ANALYZER_NUMBER_OBJECT_CONVERSION = YES_AGGRESSIVE;
				CLANG_CXX_LANGUAGE_STANDARD = "gnu++20";
				CLANG_ENABLE_MODULES = YES;
				CLANG_ENABLE_OBJC_ARC = YES;
				CLANG_ENABLE_OBJC_WEAK = YES;
				CLANG_WARN_BLOCK_CAPTURE_AUTORELEASING = YES;
				CLANG_WARN_BOOL_CONVERSION = YES;
				CLANG_WARN_COMMA = YES;
				CLANG_WARN_CONSTANT_CONVERSION = YES;
				CLANG_WARN_DEPRECATED_OBJC_IMPLEMENTATIONS = YES;
				CLANG_WARN_DIRECT_OBJC_ISA_USAGE = YES_ERROR;
				CLANG_WARN_DOCUMENTATION_COMMENTS = YES;
				CLANG_WARN_EMPTY_BODY = YES;
				CLANG_WARN_ENUM_CONVERSION = YES;
				CLANG_WARN_INFINITE_RECURSION = YES;
				CLANG_WARN_INT_CONVERSION = YES;
				CLANG_WARN_NON_LITERAL_NULL_CONVERSION = YES;
				CLANG_WARN_OBJC_IMPLICIT_RETAIN_SELF = YES;
				CLANG_WARN_OBJC_LITERAL_CONVERSION = YES;
				CLANG_WARN_OBJC_ROOT_CLASS = YES_ERROR;
				CLANG_WARN_QUOTED_INCLUDE_IN_FRAMEWORK_HEADER = YES;
				CLANG_WARN_RANGE_LOOP_ANALYSIS = YES;
				CLANG_WARN_STRICT_PROTOTYPES = YES;
				CLANG_WARN_SUSPICIOUS_MOVE = YES;
				CLANG_WARN_UNGUARDED_AVAILABILITY = YES_AGGRESSIVE;
				CLANG_WARN_UNREACHABLE_CODE = YES;
				CLANG_WARN__DUPLICATE_METHOD_MATCH = YES;
				COPY_PHASE_STRIP = NO;
				DEBUG_INFORMATION_FORMAT = dwarf;
				ENABLE_STRICT_OBJC_MSGSEND = YES;
				ENABLE_TESTABILITY = YES;
				ENABLE_USER_SCRIPT_SANDBOXING = YES;
				GCC_C_LANGUAGE_STANDARD = gnu17;
				GCC_DYNAMIC_NO_PIC = NO;
				GCC_NO_COMMON_BLOCKS = YES;
				GCC_OPTIMIZATION_LEVEL = 0;
				GCC_PREPROCESSOR_DEFINITIONS = (
					"DEBUG=1",
					"$(inherited)",
				);
				GCC_WARN_64_TO_32_BIT_CONVERSION = YES;
				GCC_WARN_ABOUT_RETURN_TYPE = YES_ERROR;
				GCC_WARN_UNDECLARED_SELECTOR = YES;
				GCC_WARN_UNINITIALIZED_AUTOS = YES_AGGRESSIVE;
				GCC_WARN_UNUSED_FUNCTION = YES;
				GCC_WARN_UNUSED_VARIABLE = YES;
				LOCALIZATION_PREFERS_STRING_CATALOGS = YES;
				MTL_ENABLE_DEBUG_INFO = INCLUDE_SOURCE;
				MTL_FAST_MATH = YES;
				ONLY_ACTIVE_ARCH = YES;
				SWIFT_ACTIVE_COMPILATION_CONDITIONS = "DEBUG $(inherited)";
				SWIFT_OPTIMIZATION_LEVEL = "-Onone";
			};
			name = Debug;
		};
		2E66F0682F5CA7B300BEEF5F /* Release */ = {
			isa = XCBuildConfiguration;
			buildSettings = {
				ALWAYS_SEARCH_USER_PATHS = NO;
				ASSETCATALOG_COMPILER_GENERATE_SWIFT_ASSET_SYMBOL_EXTENSIONS = YES;
				CLANG_ANALYZER_NONNULL = YES;
				CLANG_ANALYZER_NUMBER_OBJECT_CONVERSION = YES_AGGRESSIVE;
				CLANG_CXX_LANGUAGE_STANDARD = "gnu++20";
				CLANG_ENABLE_MODULES = YES;
				CLANG_ENABLE_OBJC_ARC = YES;
				CLANG_ENABLE_OBJC_WEAK = YES;
				CLANG_WARN_BLOCK_CAPTURE_AUTORELEASING = YES;
				CLANG_WARN_BOOL_CONVERSION = YES;
				CLANG_WARN_COMMA = YES;
				CLANG_WARN_CONSTANT_CONVERSION = YES;
				CLANG_WARN_DEPRECATED_OBJC_IMPLEMENTATIONS = YES;
				CLANG_WARN_DIRECT_OBJC_ISA_USAGE = YES_ERROR;
				CLANG_WARN_DOCUMENTATION_COMMENTS = YES;
				CLANG_WARN_EMPTY_BODY = YES;
				CLANG_WARN_ENUM_CONVERSION = YES;
				CLANG_WARN_INFINITE_RECURSION = YES;
				CLANG_WARN_INT_CONVERSION = YES;
				CLANG_WARN_NON_LITERAL_NULL_CONVERSION = YES;
				CLANG_WARN_OBJC_IMPLICIT_RETAIN_SELF = YES;
				CLANG_WARN_OBJC_LITERAL_CONVERSION = YES;
				CLANG_WARN_OBJC_ROOT_CLASS = YES_ERROR;
				CLANG_WARN_QUOTED_INCLUDE_IN_FRAMEWORK_HEADER = YES;
				CLANG_WARN_RANGE_LOOP_ANALYSIS = YES;
				CLANG_WARN_STRICT_PROTOTYPES = YES;
				CLANG_WARN_SUSPICIOUS_MOVE = YES;
				CLANG_WARN_UNGUARDED_AVAILABILITY = YES_AGGRESSIVE;
				CLANG_WARN_UNREACHABLE_CODE = YES;
				CLANG_WARN__DUPLICATE_METHOD_MATCH = YES;
				COPY_PHASE_STRIP = NO;
				DEBUG_INFORMATION_FORMAT = "dwarf-with-dsym";
				ENABLE_NS_ASSERTIONS = NO;
				ENABLE_STRICT_OBJC_MSGSEND = YES;
				ENABLE_USER_SCRIPT_SANDBOXING = YES;
				GCC_C_LANGUAGE_STANDARD = gnu17;
				GCC_NO_COMMON_BLOCKS = YES;
				GCC_WARN_64_TO_32_BIT_CONVERSION = YES;
				GCC_WARN_ABOUT_RETURN_TYPE = YES_ERROR;
				GCC_WARN_UNDECLARED_SELECTOR = YES;
				GCC_WARN_UNINITIALIZED_AUTOS = YES_AGGRESSIVE;
				GCC_WARN_UNUSED_FUNCTION = YES;
				GCC_WARN_UNUSED_VARIABLE = YES;
				LOCALIZATION_PREFERS_STRING_CATALOGS = YES;
				MTL_ENABLE_DEBUG_INFO = NO;
				MTL_FAST_MATH = YES;
				SWIFT_COMPILATION_MODE = wholemodule;
			};
			name = Release;
		};
		2E66F06A2F5CA7B300BEEF5F /* Debug */ = {
			isa = XCBuildConfiguration;
			buildSettings = {
				ASSETCATALOG_COMPILER_APPICON_NAME = AppIcon;
				ASSETCATALOG_COMPILER_GLOBAL_ACCENT_COLOR_NAME = AccentColor;
				ASSETCATALOG_COMPILER_INCLUDE_ALL_APPICON_ASSETS = NO;
				CODE_SIGN_ENTITLEMENTS = Equinet/Equinet.entitlements;
				CODE_SIGN_STYLE = Automatic;
				CURRENT_PROJECT_VERSION = 1;
				DEVELOPMENT_TEAM = H27H3M6Q9H;
				ENABLE_APP_SANDBOX = YES;
				ENABLE_PREVIEWS = YES;
				ENABLE_USER_SELECTED_FILES = readonly;
				GENERATE_INFOPLIST_FILE = NO;
				INFOPLIST_FILE = Info.plist;
				"INFOPLIST_KEY_UIStatusBarStyle[sdk=iphoneos*]" = UIStatusBarStyleDefault;
				"INFOPLIST_KEY_UIStatusBarStyle[sdk=iphonesimulator*]" = UIStatusBarStyleDefault;
				IPHONEOS_DEPLOYMENT_TARGET = 26.2;
				LD_RUNPATH_SEARCH_PATHS = "@executable_path/Frameworks";
				"LD_RUNPATH_SEARCH_PATHS[sdk=macosx*]" = "@executable_path/../Frameworks";
				MACOSX_DEPLOYMENT_TARGET = 26.2;
				MARKETING_VERSION = 1.0;
				PRODUCT_BUNDLE_IDENTIFIER = com.equinet.Equinet;
				PRODUCT_NAME = "$(TARGET_NAME)";
				REGISTER_APP_GROUPS = YES;
				SDKROOT = auto;
				STRING_CATALOG_GENERATE_SYMBOLS = YES;
				SUPPORTED_PLATFORMS = "iphoneos iphonesimulator macosx xros xrsimulator";
				SWIFT_APPROACHABLE_CONCURRENCY = YES;
				SWIFT_DEFAULT_ACTOR_ISOLATION = MainActor;
				SWIFT_EMIT_LOC_STRINGS = YES;
				SWIFT_UPCOMING_FEATURE_MEMBER_IMPORT_VISIBILITY = YES;
				SWIFT_VERSION = 5.0;
				TARGETED_DEVICE_FAMILY = "1,2,7";
				XROS_DEPLOYMENT_TARGET = 26.2;
			};
			name = Debug;
		};
		2E66F06B2F5CA7B300BEEF5F /* Release */ = {
			isa = XCBuildConfiguration;
			buildSettings = {
				ASSETCATALOG_COMPILER_APPICON_NAME = AppIcon;
				ASSETCATALOG_COMPILER_GLOBAL_ACCENT_COLOR_NAME = AccentColor;
				ASSETCATALOG_COMPILER_INCLUDE_ALL_APPICON_ASSETS = NO;
				CODE_SIGN_ENTITLEMENTS = Equinet/Equinet.entitlements;
				CODE_SIGN_STYLE = Automatic;
				CURRENT_PROJECT_VERSION = 1;
				DEVELOPMENT_TEAM = H27H3M6Q9H;
				ENABLE_APP_SANDBOX = YES;
				ENABLE_PREVIEWS = YES;
				ENABLE_USER_SELECTED_FILES = readonly;
				GENERATE_INFOPLIST_FILE = NO;
				INFOPLIST_FILE = Info.plist;
				"INFOPLIST_KEY_UIStatusBarStyle[sdk=iphoneos*]" = UIStatusBarStyleDefault;
				"INFOPLIST_KEY_UIStatusBarStyle[sdk=iphonesimulator*]" = UIStatusBarStyleDefault;
				IPHONEOS_DEPLOYMENT_TARGET = 26.2;
				LD_RUNPATH_SEARCH_PATHS = "@executable_path/Frameworks";
				"LD_RUNPATH_SEARCH_PATHS[sdk=macosx*]" = "@executable_path/../Frameworks";
				MACOSX_DEPLOYMENT_TARGET = 26.2;
				MARKETING_VERSION = 1.0;
				PRODUCT_BUNDLE_IDENTIFIER = com.equinet.Equinet;
				PRODUCT_NAME = "$(TARGET_NAME)";
				REGISTER_APP_GROUPS = YES;
				SDKROOT = auto;
				STRING_CATALOG_GENERATE_SYMBOLS = YES;
				SUPPORTED_PLATFORMS = "iphoneos iphonesimulator macosx xros xrsimulator";
				SWIFT_APPROACHABLE_CONCURRENCY = YES;
				SWIFT_DEFAULT_ACTOR_ISOLATION = MainActor;
				SWIFT_EMIT_LOC_STRINGS = YES;
				SWIFT_UPCOMING_FEATURE_MEMBER_IMPORT_VISIBILITY = YES;
				SWIFT_VERSION = 5.0;
				TARGETED_DEVICE_FAMILY = "1,2,7";
				XROS_DEPLOYMENT_TARGET = 26.2;
			};
			name = Release;
		};
		2E66F0C22F5D833200BEEF5F /* Debug */ = {
			isa = XCBuildConfiguration;
			buildSettings = {
				ASSETCATALOG_COMPILER_GLOBAL_ACCENT_COLOR_NAME = AccentColor;
				ASSETCATALOG_COMPILER_WIDGET_BACKGROUND_COLOR_NAME = WidgetBackground;
				CODE_SIGN_ENTITLEMENTS = EquinetWidgetExtension.entitlements;
				CODE_SIGN_STYLE = Automatic;
				CURRENT_PROJECT_VERSION = 1;
				DEVELOPMENT_TEAM = H27H3M6Q9H;
				GENERATE_INFOPLIST_FILE = YES;
				INFOPLIST_FILE = EquinetWidget/Info.plist;
				INFOPLIST_KEY_CFBundleDisplayName = EquinetWidget;
				INFOPLIST_KEY_NSHumanReadableCopyright = "";
				IPHONEOS_DEPLOYMENT_TARGET = 26.2;
				LD_RUNPATH_SEARCH_PATHS = (
					"$(inherited)",
					"@executable_path/Frameworks",
					"@executable_path/../../Frameworks",
				);
				MARKETING_VERSION = 1.0;
				PRODUCT_BUNDLE_IDENTIFIER = com.equinet.Equinet.EquinetWidget;
				PRODUCT_NAME = "$(TARGET_NAME)";
				SDKROOT = iphoneos;
				SKIP_INSTALL = YES;
				STRING_CATALOG_GENERATE_SYMBOLS = YES;
				SWIFT_APPROACHABLE_CONCURRENCY = YES;
				SWIFT_EMIT_LOC_STRINGS = YES;
				SWIFT_UPCOMING_FEATURE_MEMBER_IMPORT_VISIBILITY = YES;
				SWIFT_VERSION = 5.0;
				TARGETED_DEVICE_FAMILY = "1,2";
			};
			name = Debug;
		};
		2E66F0C32F5D833200BEEF5F /* Release */ = {
			isa = XCBuildConfiguration;
			buildSettings = {
				ASSETCATALOG_COMPILER_GLOBAL_ACCENT_COLOR_NAME = AccentColor;
				ASSETCATALOG_COMPILER_WIDGET_BACKGROUND_COLOR_NAME = WidgetBackground;
				CODE_SIGN_ENTITLEMENTS = EquinetWidgetExtension.entitlements;
				CODE_SIGN_STYLE = Automatic;
				CURRENT_PROJECT_VERSION = 1;
				DEVELOPMENT_TEAM = H27H3M6Q9H;
				GENERATE_INFOPLIST_FILE = YES;
				INFOPLIST_FILE = EquinetWidget/Info.plist;
				INFOPLIST_KEY_CFBundleDisplayName = EquinetWidget;
				INFOPLIST_KEY_NSHumanReadableCopyright = "";
				IPHONEOS_DEPLOYMENT_TARGET = 26.2;
				LD_RUNPATH_SEARCH_PATHS = (
					"$(inherited)",
					"@executable_path/Frameworks",
					"@executable_path/../../Frameworks",
				);
				MARKETING_VERSION = 1.0;
				PRODUCT_BUNDLE_IDENTIFIER = com.equinet.Equinet.EquinetWidget;
				PRODUCT_NAME = "$(TARGET_NAME)";
				SDKROOT = iphoneos;
				SKIP_INSTALL = YES;
				STRING_CATALOG_GENERATE_SYMBOLS = YES;
				SWIFT_APPROACHABLE_CONCURRENCY = YES;
				SWIFT_EMIT_LOC_STRINGS = YES;
				SWIFT_UPCOMING_FEATURE_MEMBER_IMPORT_VISIBILITY = YES;
				SWIFT_VERSION = 5.0;
				TARGETED_DEVICE_FAMILY = "1,2";
				VALIDATE_PRODUCT = YES;
			};
			name = Release;
		};
		2EEA7B452F5EC1AC00462C9D /* Debug */ = {
			isa = XCBuildConfiguration;
			buildSettings = {
				BUNDLE_LOADER = "$(TEST_HOST)";
				CODE_SIGN_STYLE = Automatic;
				CURRENT_PROJECT_VERSION = 1;
				DEVELOPMENT_TEAM = H27H3M6Q9H;
				GENERATE_INFOPLIST_FILE = YES;
				IPHONEOS_DEPLOYMENT_TARGET = 26.2;
				MARKETING_VERSION = 1.0;
				PRODUCT_BUNDLE_IDENTIFIER = com.equinet.Equinet.EquinetTests;
				PRODUCT_NAME = "$(TARGET_NAME)";
				SDKROOT = iphoneos;
				STRING_CATALOG_GENERATE_SYMBOLS = NO;
				SWIFT_APPROACHABLE_CONCURRENCY = YES;
				SWIFT_EMIT_LOC_STRINGS = NO;
				SWIFT_UPCOMING_FEATURE_MEMBER_IMPORT_VISIBILITY = YES;
				SWIFT_VERSION = 5.0;
				TARGETED_DEVICE_FAMILY = "1,2";
				TEST_HOST = "$(BUILT_PRODUCTS_DIR)/Equinet.app/$(BUNDLE_EXECUTABLE_FOLDER_PATH)/Equinet";
			};
			name = Debug;
		};
		2EEA7B462F5EC1AC00462C9D /* Release */ = {
			isa = XCBuildConfiguration;
			buildSettings = {
				BUNDLE_LOADER = "$(TEST_HOST)";
				CODE_SIGN_STYLE = Automatic;
				CURRENT_PROJECT_VERSION = 1;
				DEVELOPMENT_TEAM = H27H3M6Q9H;
				GENERATE_INFOPLIST_FILE = YES;
				IPHONEOS_DEPLOYMENT_TARGET = 26.2;
				MARKETING_VERSION = 1.0;
				PRODUCT_BUNDLE_IDENTIFIER = com.equinet.Equinet.EquinetTests;
				PRODUCT_NAME = "$(TARGET_NAME)";
				SDKROOT = iphoneos;
				STRING_CATALOG_GENERATE_SYMBOLS = NO;
				SWIFT_APPROACHABLE_CONCURRENCY = YES;
				SWIFT_EMIT_LOC_STRINGS = NO;
				SWIFT_UPCOMING_FEATURE_MEMBER_IMPORT_VISIBILITY = YES;
				SWIFT_VERSION = 5.0;
				TARGETED_DEVICE_FAMILY = "1,2";
				TEST_HOST = "$(BUILT_PRODUCTS_DIR)/Equinet.app/$(BUNDLE_EXECUTABLE_FOLDER_PATH)/Equinet";
				VALIDATE_PRODUCT = YES;
			};
			name = Release;
		};
/* End XCBuildConfiguration section */

/* Begin XCConfigurationList section */
		2E66F0592F5CA7B300BEEF5F /* Build configuration list for PBXProject "Equinet" */ = {
			isa = XCConfigurationList;
			buildConfigurations = (
				2E66F0672F5CA7B300BEEF5F /* Debug */,
				2E66F0682F5CA7B300BEEF5F /* Release */,
			);
			defaultConfigurationIsVisible = 0;
			defaultConfigurationName = Release;
		};
		2E66F0692F5CA7B300BEEF5F /* Build configuration list for PBXNativeTarget "Equinet" */ = {
			isa = XCConfigurationList;
			buildConfigurations = (
				2E66F06A2F5CA7B300BEEF5F /* Debug */,
				2E66F06B2F5CA7B300BEEF5F /* Release */,
			);
			defaultConfigurationIsVisible = 0;
			defaultConfigurationName = Release;
		};
		2E66F0C12F5D833200BEEF5F /* Build configuration list for PBXNativeTarget "EquinetWidgetExtension" */ = {
			isa = XCConfigurationList;
			buildConfigurations = (
				2E66F0C22F5D833200BEEF5F /* Debug */,
				2E66F0C32F5D833200BEEF5F /* Release */,
			);
			defaultConfigurationIsVisible = 0;
			defaultConfigurationName = Release;
		};
		2EEA7B472F5EC1AC00462C9D /* Build configuration list for PBXNativeTarget "EquinetTests" */ = {
			isa = XCConfigurationList;
			buildConfigurations = (
				2EEA7B452F5EC1AC00462C9D /* Debug */,
				2EEA7B462F5EC1AC00462C9D /* Release */,
			);
			defaultConfigurationIsVisible = 0;
			defaultConfigurationName = Release;
		};
/* End XCConfigurationList section */
	};
	rootObject = 2E66F0562F5CA7B300BEEF5F /* Project object */;
}
